
Microsoft Visual Studio Solution File, Format Version 12.00
# Visual Studio Version 16
VisualStudioVersion = 16.0.33529.622
MinimumVisualStudioVersion = 10.0.40219.1
Project("{FAE04EC0-301F-11D3-BF4B-00C04F79EFBC}") = "AdoDataBase", "AdoDataBase\AdoDataBase.csproj", "{1FC4968A-5D8B-4D02-B125-63D8072E8C15}"
EndProject
Global
	GlobalSection(SolutionConfigurationPlatforms) = preSolution
		Debug|Any CPU = Debug|Any CPU
		Release|Any CPU = Release|Any CPU
	EndGlobalSection
	GlobalSection(ProjectConfigurationPlatforms) = postSolution
		{1FC4968A-5D8B-4D02-B125-63D8072E8C15}.Debug|Any CPU.ActiveCfg = Debug|Any CPU
		{1FC4968A-5D8B-4D02-B125-63D8072E8C15}.Debug|Any CPU.Build.0 = Debug|Any CPU
		{1FC4968A-5D8B-4D02-B125-63D8072E8C15}.Release|Any CPU.ActiveCfg = Release|Any CPU
		{1FC4968A-5D8B-4D02-B125-63D8072E8C15}.Release|Any CPU.Build.0 = Release|Any CPU
	EndGlobalSection
	GlobalSection(SolutionProperties) = preSolution
		HideSolutionNode = FALSE
	EndGlobalSection
	GlobalSection(ExtensibilityGlobals) = postSolution
		SolutionGuid = {B8864C60-FDCB-4D59-823E-C29D08F8D850}
	EndGlobalSection
EndGlobal
